{
  "name": "testmine",
  "version": "1.0.0",
  "lockfileVersion": 2,
  "requires": true,
  "packages": {
    "": {
      "name": "testmine",
      "version": "1.0.0",
      "license": "ISC",
      "dependencies": {
        "wl-pinyin": "^1.0.1"
      }
    },
    "node_modules/wl-pinyin": {
      "version": "1.0.1",
      "resolved": "https://registry.npmjs.org/wl-pinyin/-/wl-pinyin-1.0.1.tgz",
      "integrity": "sha512-cn7MSdsJoaC6a4w94OoScCui2OuJhVNOZ/DL0g+6ZHWkDxKvwUQPC5NQiOOsBGql65YTgV5DTZRUzvJ1ATbTOw=="
    }
  },
  "dependencies": {
    "wl-pinyin": {
      "version": "1.0.1",
      "resolved": "https://registry.npmjs.org/wl-pinyin/-/wl-pinyin-1.0.1.tgz",
      "integrity": "sha512-cn7MSdsJoaC6a4w94OoScCui2OuJhVNOZ/DL0g+6ZHWkDxKvwUQPC5NQiOOsBGql65YTgV5DTZRUzvJ1ATbTOw=="
    }
  }
}
